
Microsoft Visual Studio Solution File, Format Version 12.00
# Visual Studio Version 17
VisualStudioVersion = 17.5.33530.505
MinimumVisualStudioVersion = 10.0.40219.1
Project("{FAE04EC0-301F-11D3-BF4B-00C04F79EFBC}") = "ConverterRomanToArabicNums", "ConverterRomanToArabicNums\ConverterRomanToArabicNums.csproj", "{75C6CC21-A2B4-4536-9A78-917AC24B38DF}"
EndProject
Global
	GlobalSection(SolutionConfigurationPlatforms) = preSolution
		Debug|Any CPU = Debug|Any CPU
		Release|Any CPU = Release|Any CPU
	EndGlobalSection
	GlobalSection(ProjectConfigurationPlatforms) = postSolution
		{75C6CC21-A2B4-4536-9A78-917AC24B38DF}.Debug|Any CPU.ActiveCfg = Debug|Any CPU
		{75C6CC21-A2B4-4536-9A78-917AC24B38DF}.Debug|Any CPU.Build.0 = Debug|Any CPU
		{75C6CC21-A2B4-4536-9A78-917AC24B38DF}.Release|Any CPU.ActiveCfg = Release|Any CPU
		{75C6CC21-A2B4-4536-9A78-917AC24B38DF}.Release|Any CPU.Build.0 = Release|Any CPU
	EndGlobalSection
	GlobalSection(SolutionProperties) = preSolution
		HideSolutionNode = FALSE
	EndGlobalSection
	GlobalSection(ExtensibilityGlobals) = postSolution
		SolutionGuid = {728A3A3D-96EB-4A79-A2AE-DA4B7E0E5F58}
	EndGlobalSection
EndGlobal
